{
  "buildHash": "45901b1c3bf65a5cef0b673df3d0eb16",
  "jsApi": {
    "apiInstances": [],
    "apiAliases": {
      "Options": "{ ssl :: Maybe { caFile :: Maybe String, certificateFile :: String, keyFile :: String, passphrase :: Maybe String }, verbose :: Boolean }",
      "IncomingRequest": "{ body :: ByteArray, headers :: List Header, ip :: String, method :: Method, path :: String, queryParameters :: Dictionary String String, urlParameters :: Dictionary String String }"
    },
    "apiInterfaces": {},
    "apiNames": {
      "patch": "String -> ({ body :: ByteArray, headers :: List Header, ip :: String, method :: Method, path :: String, queryParameters :: Dictionary String String, urlParameters :: Dictionary String String } -> Wish { body :: ByteArray, headers :: List Header, status :: Integer } { body :: ByteArray, headers :: List Header, status :: Integer }) -> Server -> Server",
      "create": "{ ssl :: Maybe { caFile :: Maybe String, certificateFile :: String, keyFile :: String, passphrase :: Maybe String }, verbose :: Boolean } -> Server",
      "post": "String -> ({ body :: ByteArray, headers :: List Header, ip :: String, method :: Method, path :: String, queryParameters :: Dictionary String String, urlParameters :: Dictionary String String } -> Wish { body :: ByteArray, headers :: List Header, status :: Integer } { body :: ByteArray, headers :: List Header, status :: Integer }) -> Server -> Server",
      "DEFAULT_OPTIONS": "{ ssl :: Maybe { caFile :: Maybe String, certificateFile :: String, keyFile :: String, passphrase :: Maybe String }, verbose :: Boolean }",
      "delete": "String -> ({ body :: ByteArray, headers :: List Header, ip :: String, method :: Method, path :: String, queryParameters :: Dictionary String String, urlParameters :: Dictionary String String } -> Wish { body :: ByteArray, headers :: List Header, status :: Integer } { body :: ByteArray, headers :: List Header, status :: Integer }) -> Server -> Server",
      "run": "Integer -> Server -> Server",
      "options": "String -> ({ body :: ByteArray, headers :: List Header, ip :: String, method :: Method, path :: String, queryParameters :: Dictionary String String, urlParameters :: Dictionary String String } -> Wish { body :: ByteArray, headers :: List Header, status :: Integer } { body :: ByteArray, headers :: List Header, status :: Integer }) -> Server -> Server",
      "connect": "String -> ({ body :: ByteArray, headers :: List Header, ip :: String, method :: Method, path :: String, queryParameters :: Dictionary String String, urlParameters :: Dictionary String String } -> Wish { body :: ByteArray, headers :: List Header, status :: Integer } { body :: ByteArray, headers :: List Header, status :: Integer }) -> Server -> Server",
      "trace": "String -> ({ body :: ByteArray, headers :: List Header, ip :: String, method :: Method, path :: String, queryParameters :: Dictionary String String, urlParameters :: Dictionary String String } -> Wish { body :: ByteArray, headers :: List Header, status :: Integer } { body :: ByteArray, headers :: List Header, status :: Integer }) -> Server -> Server",
      "any": "String -> ({ body :: ByteArray, headers :: List Header, ip :: String, method :: Method, path :: String, queryParameters :: Dictionary String String, urlParameters :: Dictionary String String } -> Wish { body :: ByteArray, headers :: List Header, status :: Integer } { body :: ByteArray, headers :: List Header, status :: Integer }) -> Server -> Server",
      "put": "String -> ({ body :: ByteArray, headers :: List Header, ip :: String, method :: Method, path :: String, queryParameters :: Dictionary String String, urlParameters :: Dictionary String String } -> Wish { body :: ByteArray, headers :: List Header, status :: Integer } { body :: ByteArray, headers :: List Header, status :: Integer }) -> Server -> Server",
      "log": "LogLevel -> String -> {}",
      "head": "String -> ({ body :: ByteArray, headers :: List Header, ip :: String, method :: Method, path :: String, queryParameters :: Dictionary String String, urlParameters :: Dictionary String String } -> Wish { body :: ByteArray, headers :: List Header, status :: Integer } { body :: ByteArray, headers :: List Header, status :: Integer }) -> Server -> Server",
      "route": "Method -> String -> ({ body :: ByteArray, headers :: List Header, ip :: String, method :: Method, path :: String, queryParameters :: Dictionary String String, urlParameters :: Dictionary String String } -> Wish { body :: ByteArray, headers :: List Header, status :: Integer } { body :: ByteArray, headers :: List Header, status :: Integer }) -> Server -> Server",
      "get": "String -> ({ body :: ByteArray, headers :: List Header, ip :: String, method :: Method, path :: String, queryParameters :: Dictionary String String, urlParameters :: Dictionary String String } -> Wish { body :: ByteArray, headers :: List Header, status :: Integer } { body :: ByteArray, headers :: List Header, status :: Integer }) -> Server -> Server"
    },
    "apiTypes": {
      "LogLevel": [
        "InfoLevel",
        "WarningLevel",
        "ErrorLevel"
      ]
    }
  },
  "llvmApi": {
    "apiInstances": [],
    "apiAliases": {
      "Options": "{ ssl :: Maybe { caFile :: Maybe String, certificateFile :: String, keyFile :: String, passphrase :: Maybe String }, verbose :: Boolean }",
      "IncomingRequest": "{ body :: ByteArray, headers :: List Header, ip :: String, method :: Method, path :: String, queryParameters :: Dictionary String String, urlParameters :: Dictionary String String }"
    },
    "apiInterfaces": {},
    "apiNames": {
      "patch": "String -> ({ body :: ByteArray, headers :: List Header, ip :: String, method :: Method, path :: String, queryParameters :: Dictionary String String, urlParameters :: Dictionary String String } -> Wish { body :: ByteArray, headers :: List Header, status :: Integer } { body :: ByteArray, headers :: List Header, status :: Integer }) -> Server -> Server",
      "create": "{ ssl :: Maybe { caFile :: Maybe String, certificateFile :: String, keyFile :: String, passphrase :: Maybe String }, verbose :: Boolean } -> Server",
      "post": "String -> ({ body :: ByteArray, headers :: List Header, ip :: String, method :: Method, path :: String, queryParameters :: Dictionary String String, urlParameters :: Dictionary String String } -> Wish { body :: ByteArray, headers :: List Header, status :: Integer } { body :: ByteArray, headers :: List Header, status :: Integer }) -> Server -> Server",
      "DEFAULT_OPTIONS": "{ ssl :: Maybe { caFile :: Maybe String, certificateFile :: String, keyFile :: String, passphrase :: Maybe String }, verbose :: Boolean }",
      "delete": "String -> ({ body :: ByteArray, headers :: List Header, ip :: String, method :: Method, path :: String, queryParameters :: Dictionary String String, urlParameters :: Dictionary String String } -> Wish { body :: ByteArray, headers :: List Header, status :: Integer } { body :: ByteArray, headers :: List Header, status :: Integer }) -> Server -> Server",
      "run": "Integer -> Server -> Server",
      "options": "String -> ({ body :: ByteArray, headers :: List Header, ip :: String, method :: Method, path :: String, queryParameters :: Dictionary String String, urlParameters :: Dictionary String String } -> Wish { body :: ByteArray, headers :: List Header, status :: Integer } { body :: ByteArray, headers :: List Header, status :: Integer }) -> Server -> Server",
      "connect": "String -> ({ body :: ByteArray, headers :: List Header, ip :: String, method :: Method, path :: String, queryParameters :: Dictionary String String, urlParameters :: Dictionary String String } -> Wish { body :: ByteArray, headers :: List Header, status :: Integer } { body :: ByteArray, headers :: List Header, status :: Integer }) -> Server -> Server",
      "trace": "String -> ({ body :: ByteArray, headers :: List Header, ip :: String, method :: Method, path :: String, queryParameters :: Dictionary String String, urlParameters :: Dictionary String String } -> Wish { body :: ByteArray, headers :: List Header, status :: Integer } { body :: ByteArray, headers :: List Header, status :: Integer }) -> Server -> Server",
      "any": "String -> ({ body :: ByteArray, headers :: List Header, ip :: String, method :: Method, path :: String, queryParameters :: Dictionary String String, urlParameters :: Dictionary String String } -> Wish { body :: ByteArray, headers :: List Header, status :: Integer } { body :: ByteArray, headers :: List Header, status :: Integer }) -> Server -> Server",
      "put": "String -> ({ body :: ByteArray, headers :: List Header, ip :: String, method :: Method, path :: String, queryParameters :: Dictionary String String, urlParameters :: Dictionary String String } -> Wish { body :: ByteArray, headers :: List Header, status :: Integer } { body :: ByteArray, headers :: List Header, status :: Integer }) -> Server -> Server",
      "log": "LogLevel -> String -> {}",
      "head": "String -> ({ body :: ByteArray, headers :: List Header, ip :: String, method :: Method, path :: String, queryParameters :: Dictionary String String, urlParameters :: Dictionary String String } -> Wish { body :: ByteArray, headers :: List Header, status :: Integer } { body :: ByteArray, headers :: List Header, status :: Integer }) -> Server -> Server",
      "route": "Method -> String -> ({ body :: ByteArray, headers :: List Header, ip :: String, method :: Method, path :: String, queryParameters :: Dictionary String String, urlParameters :: Dictionary String String } -> Wish { body :: ByteArray, headers :: List Header, status :: Integer } { body :: ByteArray, headers :: List Header, status :: Integer }) -> Server -> Server",
      "get": "String -> ({ body :: ByteArray, headers :: List Header, ip :: String, method :: Method, path :: String, queryParameters :: Dictionary String String, urlParameters :: Dictionary String String } -> Wish { body :: ByteArray, headers :: List Header, status :: Integer } { body :: ByteArray, headers :: List Header, status :: Integer }) -> Server -> Server"
    },
    "apiTypes": {
      "LogLevel": [
        "InfoLevel",
        "WarningLevel",
        "ErrorLevel"
      ]
    }
  },
  "versionHash": "272f0a04b740763e0a29316bc4af89a4"
}
